{
  "name": "ltv-assistant",
  "version": "1.0.0",
  "lockfileVersion": 3,
  "requires": true,
  "packages": {
    "": {
      "name": "ltv-assistant",
      "version": "1.0.0",
      "license": "UNLICENSED",
      "devDependencies": {
        "mprocs": "^0.7.3"
      }
    },
    "node_modules/mprocs": {
      "version": "0.7.3",
      "resolved": "https://registry.npmjs.org/mprocs/-/mprocs-0.7.3.tgz",
      "integrity": "sha512-I1Ptja/UnNVVSV5QEnBdiiwW70HMWJlmnMq6nvw4J7fwZ3s8UZGuf/FG+FTAUr6CLfat8kriHj+mWLx7xsLKSw==",
      "dev": true,
      "license": "MIT",
      "bin": {
        "mprocs": "cli.js"
      },
      "engines": {
        "node": ">=0.10.0"
      }
    }
  }
}
